
Microsoft Visual Studio Solution File, Format Version 12.00
# Visual Studio Version 16
VisualStudioVersion = 16.0.29209.62
MinimumVisualStudioVersion = 10.0.40219.1
Project("{FAE04EC0-301F-11D3-BF4B-00C04F79EFBC}") = "exercise 3", "exercise 3\exercise 3.csproj", "{D2A54233-02DF-4B14-8926-D6552B9A385E}"
EndProject
Global
	GlobalSection(SolutionConfigurationPlatforms) = preSolution
		Debug|Any CPU = Debug|Any CPU
		Release|Any CPU = Release|Any CPU
	EndGlobalSection
	GlobalSection(ProjectConfigurationPlatforms) = postSolution
		{D2A54233-02DF-4B14-8926-D6552B9A385E}.Debug|Any CPU.ActiveCfg = Debug|Any CPU
		{D2A54233-02DF-4B14-8926-D6552B9A385E}.Debug|Any CPU.Build.0 = Debug|Any CPU
		{D2A54233-02DF-4B14-8926-D6552B9A385E}.Release|Any CPU.ActiveCfg = Release|Any CPU
		{D2A54233-02DF-4B14-8926-D6552B9A385E}.Release|Any CPU.Build.0 = Release|Any CPU
	EndGlobalSection
	GlobalSection(SolutionProperties) = preSolution
		HideSolutionNode = FALSE
	EndGlobalSection
	GlobalSection(ExtensibilityGlobals) = postSolution
		SolutionGuid = {2B65E36D-F1FF-4518-8863-26B6EEBD20AC}
	EndGlobalSection
EndGlobal
