
Microsoft Visual Studio Solution File, Format Version 12.00
# Visual Studio Version 16
VisualStudioVersion = 16.0.32901.82
MinimumVisualStudioVersion = 10.0.40219.1
Project("{FAE04EC0-301F-11D3-BF4B-00C04F79EFBC}") = "exersice 1", "exersice 1\exersice 1.csproj", "{7984B8BE-07D7-4358-AB30-7B1051723204}"
EndProject
Global
	GlobalSection(SolutionConfigurationPlatforms) = preSolution
		Debug|Any CPU = Debug|Any CPU
		Release|Any CPU = Release|Any CPU
	EndGlobalSection
	GlobalSection(ProjectConfigurationPlatforms) = postSolution
		{7984B8BE-07D7-4358-AB30-7B1051723204}.Debug|Any CPU.ActiveCfg = Debug|Any CPU
		{7984B8BE-07D7-4358-AB30-7B1051723204}.Debug|Any CPU.Build.0 = Debug|Any CPU
		{7984B8BE-07D7-4358-AB30-7B1051723204}.Release|Any CPU.ActiveCfg = Release|Any CPU
		{7984B8BE-07D7-4358-AB30-7B1051723204}.Release|Any CPU.Build.0 = Release|Any CPU
	EndGlobalSection
	GlobalSection(SolutionProperties) = preSolution
		HideSolutionNode = FALSE
	EndGlobalSection
	GlobalSection(ExtensibilityGlobals) = postSolution
		SolutionGuid = {4CEC8E83-5E41-44CF-B183-A52ACB992B01}
	EndGlobalSection
EndGlobal
