
Microsoft Visual Studio Solution File, Format Version 12.00
# Visual Studio Version 16
VisualStudioVersion = 16.0.29209.62
MinimumVisualStudioVersion = 10.0.40219.1
Project("{FAE04EC0-301F-11D3-BF4B-00C04F79EFBC}") = "perfectAndPrimes", "perfectAndPrimes\perfectAndPrimes.csproj", "{659BF30A-0659-43CB-B617-D09DD82A70C3}"
EndProject
Global
	GlobalSection(SolutionConfigurationPlatforms) = preSolution
		Debug|Any CPU = Debug|Any CPU
		Release|Any CPU = Release|Any CPU
	EndGlobalSection
	GlobalSection(ProjectConfigurationPlatforms) = postSolution
		{659BF30A-0659-43CB-B617-D09DD82A70C3}.Debug|Any CPU.ActiveCfg = Debug|Any CPU
		{659BF30A-0659-43CB-B617-D09DD82A70C3}.Debug|Any CPU.Build.0 = Debug|Any CPU
		{659BF30A-0659-43CB-B617-D09DD82A70C3}.Release|Any CPU.ActiveCfg = Release|Any CPU
		{659BF30A-0659-43CB-B617-D09DD82A70C3}.Release|Any CPU.Build.0 = Release|Any CPU
	EndGlobalSection
	GlobalSection(SolutionProperties) = preSolution
		HideSolutionNode = FALSE
	EndGlobalSection
	GlobalSection(ExtensibilityGlobals) = postSolution
		SolutionGuid = {1BA088DF-D4BD-470E-B250-6ED9B12089F9}
	EndGlobalSection
EndGlobal
