
Microsoft Visual Studio Solution File, Format Version 12.00
# Visual Studio Version 16
VisualStudioVersion = 16.0.29209.62
MinimumVisualStudioVersion = 10.0.40219.1
Project("{FAE04EC0-301F-11D3-BF4B-00C04F79EFBC}") = "exercise 10", "exercise 10\exercise 10.csproj", "{EE4EEB82-0135-4855-9340-C6057578D32E}"
EndProject
Global
	GlobalSection(SolutionConfigurationPlatforms) = preSolution
		Debug|Any CPU = Debug|Any CPU
		Release|Any CPU = Release|Any CPU
	EndGlobalSection
	GlobalSection(ProjectConfigurationPlatforms) = postSolution
		{EE4EEB82-0135-4855-9340-C6057578D32E}.Debug|Any CPU.ActiveCfg = Debug|Any CPU
		{EE4EEB82-0135-4855-9340-C6057578D32E}.Debug|Any CPU.Build.0 = Debug|Any CPU
		{EE4EEB82-0135-4855-9340-C6057578D32E}.Release|Any CPU.ActiveCfg = Release|Any CPU
		{EE4EEB82-0135-4855-9340-C6057578D32E}.Release|Any CPU.Build.0 = Release|Any CPU
	EndGlobalSection
	GlobalSection(SolutionProperties) = preSolution
		HideSolutionNode = FALSE
	EndGlobalSection
	GlobalSection(ExtensibilityGlobals) = postSolution
		SolutionGuid = {828E0802-4240-46CC-A6DD-3670EC7A5A72}
	EndGlobalSection
EndGlobal
