
Microsoft Visual Studio Solution File, Format Version 12.00
# Visual Studio Version 16
VisualStudioVersion = 16.0.32901.82
MinimumVisualStudioVersion = 10.0.40219.1
Project("{FAE04EC0-301F-11D3-BF4B-00C04F79EFBC}") = "ex3and6", "ex3and6\ex3and6.csproj", "{7ABF4E63-5717-48DE-B7D2-E1A08BE276CA}"
EndProject
Global
	GlobalSection(SolutionConfigurationPlatforms) = preSolution
		Debug|Any CPU = Debug|Any CPU
		Release|Any CPU = Release|Any CPU
	EndGlobalSection
	GlobalSection(ProjectConfigurationPlatforms) = postSolution
		{7ABF4E63-5717-48DE-B7D2-E1A08BE276CA}.Debug|Any CPU.ActiveCfg = Debug|Any CPU
		{7ABF4E63-5717-48DE-B7D2-E1A08BE276CA}.Debug|Any CPU.Build.0 = Debug|Any CPU
		{7ABF4E63-5717-48DE-B7D2-E1A08BE276CA}.Release|Any CPU.ActiveCfg = Release|Any CPU
		{7ABF4E63-5717-48DE-B7D2-E1A08BE276CA}.Release|Any CPU.Build.0 = Release|Any CPU
	EndGlobalSection
	GlobalSection(SolutionProperties) = preSolution
		HideSolutionNode = FALSE
	EndGlobalSection
	GlobalSection(ExtensibilityGlobals) = postSolution
		SolutionGuid = {8639321D-AE66-48FA-979A-5A4E3657D58B}
	EndGlobalSection
EndGlobal
